// !$*UTF8*$!
{
	archiveVersion = 1;
	classes = {
	};
	objectVersion = 50;
	objects = {

/* Begin PBXBuildFile section */
		0700039B20A0358000F3EFD1 /* AppDelegate.swift in Sources */ = {isa = PBXBuildFile; fileRef = 0700039A20A0358000F3EFD1 /* AppDelegate.swift */; };
		0700039D20A0358000F3EFD1 /* ViewController.swift in Sources */ = {isa = PBXBuildFile; fileRef = 0700039C20A0358000F3EFD1 /* ViewController.swift */; };
		070003A020A0358000F3EFD1 /* Main.storyboard in Resources */ = {isa = PBXBuildFile; fileRef = 0700039E20A0358000F3EFD1 /* Main.storyboard */; };
		070003A220A0358500F3EFD1 /* Assets.xcassets in Resources */ = {isa = PBXBuildFile; fileRef = 070003A120A0358500F3EFD1 /* Assets.xcassets */; };
		070003A520A0358500F3EFD1 /* LaunchScreen.storyboard in Resources */ = {isa = PBXBuildFile; fileRef = 070003A320A0358500F3EFD1 /* LaunchScreen.storyboard */; };
		070003B320A035B100F3EFD1 /* t_code_tests.swift in Sources */ = {isa = PBXBuildFile; fileRef = 070003B220A035B100F3EFD1 /* t_code_tests.swift */; };
		070003BE20A03F3000F3EFD1 /* TCodeTests.swift in Sources */ = {isa = PBXBuildFile; fileRef = 070003BD20A03F3000F3EFD1 /* TCodeTests.swift */; };
		070003C420A0420500F3EFD1 /* TwoSum.swift in Sources */ = {isa = PBXBuildFile; fileRef = 070003C220A0420500F3EFD1 /* TwoSum.swift */; };
		070003C520A0420500F3EFD1 /* ReverseInteger.swift in Sources */ = {isa = PBXBuildFile; fileRef = 070003C320A0420500F3EFD1 /* ReverseInteger.swift */; };
		070003C720A0492600F3EFD1 /* PalindromeNumber.swift in Sources */ = {isa = PBXBuildFile; fileRef = 070003C620A0492600F3EFD1 /* PalindromeNumber.swift */; };
		070003C920A04BF700F3EFD1 /* RomanToInteger.swift in Sources */ = {isa = PBXBuildFile; fileRef = 070003C820A04BF700F3EFD1 /* RomanToInteger.swift */; };
		070003CB20A13CF100F3EFD1 /* LongestCommonPrefix.swift in Sources */ = {isa = PBXBuildFile; fileRef = 070003CA20A13CF100F3EFD1 /* LongestCommonPrefix.swift */; };
		070003CD20A14DE700F3EFD1 /* ValidParentheses.swift in Sources */ = {isa = PBXBuildFile; fileRef = 070003CC20A14DE700F3EFD1 /* ValidParentheses.swift */; };
		070003CF20A177D400F3EFD1 /* MergeTwoSortedLists.swift in Sources */ = {isa = PBXBuildFile; fileRef = 070003CE20A177D400F3EFD1 /* MergeTwoSortedLists.swift */; };
		070003D120A2B9FA00F3EFD1 /* RemoveDuplicatesFromSortedArray.swift in Sources */ = {isa = PBXBuildFile; fileRef = 070003D020A2B9F900F3EFD1 /* RemoveDuplicatesFromSortedArray.swift */; };
		070003D320A2BEDD00F3EFD1 /* RemoveElement.swift in Sources */ = {isa = PBXBuildFile; fileRef = 070003D220A2BEDD00F3EFD1 /* RemoveElement.swift */; };
		070003D520A2C0B800F3EFD1 /* ImplementStr.swift in Sources */ = {isa = PBXBuildFile; fileRef = 070003D420A2C0B800F3EFD1 /* ImplementStr.swift */; };
		070003D720A2C5F300F3EFD1 /* SearchInsertPosition.swift in Sources */ = {isa = PBXBuildFile; fileRef = 070003D620A2C5F300F3EFD1 /* SearchInsertPosition.swift */; };
		070003DA20A2CA1500F3EFD1 /* CountAndSay.swift in Sources */ = {isa = PBXBuildFile; fileRef = 070003D920A2CA1500F3EFD1 /* CountAndSay.swift */; };
		070003DC20A2D4D800F3EFD1 /* MaximumSubarray.swift in Sources */ = {isa = PBXBuildFile; fileRef = 070003DB20A2D4D800F3EFD1 /* MaximumSubarray.swift */; };
		070003DE20A2D97300F3EFD1 /* LengthOfLastWord.swift in Sources */ = {isa = PBXBuildFile; fileRef = 070003DD20A2D97300F3EFD1 /* LengthOfLastWord.swift */; };
		070003E220A2DBE000F3EFD1 /* PlusOne.swift in Sources */ = {isa = PBXBuildFile; fileRef = 070003E120A2DBE000F3EFD1 /* PlusOne.swift */; };
		070003E420A2DEF500F3EFD1 /* AddBinary.swift in Sources */ = {isa = PBXBuildFile; fileRef = 070003E320A2DEF500F3EFD1 /* AddBinary.swift */; };
		070003E620A2E77600F3EFD1 /* SqrtX.swift in Sources */ = {isa = PBXBuildFile; fileRef = 070003E520A2E77600F3EFD1 /* SqrtX.swift */; };
		070003E820A2EDA300F3EFD1 /* ClimbingStairs.swift in Sources */ = {isa = PBXBuildFile; fileRef = 070003E720A2EDA300F3EFD1 /* ClimbingStairs.swift */; };
		070003EA20A3B5A300F3EFD1 /* RemoveDuplicatesFromSortedList.swift in Sources */ = {isa = PBXBuildFile; fileRef = 070003E920A3B5A300F3EFD1 /* RemoveDuplicatesFromSortedList.swift */; };
		070003EC20A3B9B200F3EFD1 /* MergeSortedArray.swift in Sources */ = {isa = PBXBuildFile; fileRef = 070003EB20A3B9B200F3EFD1 /* MergeSortedArray.swift */; };
		070003EE20A3BDC600F3EFD1 /* SameTree.swift in Sources */ = {isa = PBXBuildFile; fileRef = 070003ED20A3BDC600F3EFD1 /* SameTree.swift */; };
		070003F020A3BF3D00F3EFD1 /* SymmetricTree.swift in Sources */ = {isa = PBXBuildFile; fileRef = 070003EF20A3BF3D00F3EFD1 /* SymmetricTree.swift */; };
		070003F220A3C3D800F3EFD1 /* MaximumDepthOfBinaryTree.swift in Sources */ = {isa = PBXBuildFile; fileRef = 070003F120A3C3D800F3EFD1 /* MaximumDepthOfBinaryTree.swift */; };
		070003F420A3C4D900F3EFD1 /* SingleNumber.swift in Sources */ = {isa = PBXBuildFile; fileRef = 070003F320A3C4D900F3EFD1 /* SingleNumber.swift */; };
		0703B43320A439CC0054627C /* BinaryTreeLevelOrderTraversalII.swift in Sources */ = {isa = PBXBuildFile; fileRef = 0703B43220A439CC0054627C /* BinaryTreeLevelOrderTraversalII.swift */; };
		0703B43520A449460054627C /* PathSum.swift in Sources */ = {isa = PBXBuildFile; fileRef = 0703B43420A449460054627C /* PathSum.swift */; };
		0703B43720A44B660054627C /* ConvertSortedArraytoBinarySearchTree.swift in Sources */ = {isa = PBXBuildFile; fileRef = 0703B43620A44B660054627C /* ConvertSortedArraytoBinarySearchTree.swift */; };
/* End PBXBuildFile section */

/* Begin PBXContainerItemProxy section */
		070003B520A035B100F3EFD1 /* PBXContainerItemProxy */ = {
			isa = PBXContainerItemProxy;
			containerPortal = 0700038F20A0358000F3EFD1 /* Project object */;
			proxyType = 1;
			remoteGlobalIDString = 0700039620A0358000F3EFD1;
			remoteInfo = t_code;
		};
/* End PBXContainerItemProxy section */

/* Begin PBXFileReference section */
		0700039720A0358000F3EFD1 /* t_code.app */ = {isa = PBXFileReference; explicitFileType = wrapper.application; includeInIndex = 0; path = t_code.app; sourceTree = BUILT_PRODUCTS_DIR; };
		0700039A20A0358000F3EFD1 /* AppDelegate.swift */ = {isa = PBXFileReference; lastKnownFileType = sourcecode.swift; path = AppDelegate.swift; sourceTree = "<group>"; };
		0700039C20A0358000F3EFD1 /* ViewController.swift */ = {isa = PBXFileReference; lastKnownFileType = sourcecode.swift; path = ViewController.swift; sourceTree = "<group>"; };
		0700039F20A0358000F3EFD1 /* Base */ = {isa = PBXFileReference; lastKnownFileType = file.storyboard; name = Base; path = Base.lproj/Main.storyboard; sourceTree = "<group>"; };
		070003A120A0358500F3EFD1 /* Assets.xcassets */ = {isa = PBXFileReference; lastKnownFileType = folder.assetcatalog; path = Assets.xcassets; sourceTree = "<group>"; };
		070003A420A0358500F3EFD1 /* Base */ = {isa = PBXFileReference; lastKnownFileType = file.storyboard; name = Base; path = Base.lproj/LaunchScreen.storyboard; sourceTree = "<group>"; };
		070003A620A0358500F3EFD1 /* Info.plist */ = {isa = PBXFileReference; lastKnownFileType = text.plist.xml; path = Info.plist; sourceTree = "<group>"; };
		070003B020A035B100F3EFD1 /* t_code_tests.xctest */ = {isa = PBXFileReference; explicitFileType = wrapper.cfbundle; includeInIndex = 0; path = t_code_tests.xctest; sourceTree = BUILT_PRODUCTS_DIR; };
		070003B220A035B100F3EFD1 /* t_code_tests.swift */ = {isa = PBXFileReference; lastKnownFileType = sourcecode.swift; path = t_code_tests.swift; sourceTree = "<group>"; };
		070003B420A035B100F3EFD1 /* Info.plist */ = {isa = PBXFileReference; lastKnownFileType = text.plist.xml; path = Info.plist; sourceTree = "<group>"; };
		070003BD20A03F3000F3EFD1 /* TCodeTests.swift */ = {isa = PBXFileReference; lastKnownFileType = sourcecode.swift; path = TCodeTests.swift; sourceTree = "<group>"; };
		070003C220A0420500F3EFD1 /* TwoSum.swift */ = {isa = PBXFileReference; fileEncoding = 4; lastKnownFileType = sourcecode.swift; path = TwoSum.swift; sourceTree = "<group>"; };
		070003C320A0420500F3EFD1 /* ReverseInteger.swift */ = {isa = PBXFileReference; fileEncoding = 4; lastKnownFileType = sourcecode.swift; path = ReverseInteger.swift; sourceTree = "<group>"; };
		070003C620A0492600F3EFD1 /* PalindromeNumber.swift */ = {isa = PBXFileReference; lastKnownFileType = sourcecode.swift; path = PalindromeNumber.swift; sourceTree = "<group>"; };
		070003C820A04BF700F3EFD1 /* RomanToInteger.swift */ = {isa = PBXFileReference; lastKnownFileType = sourcecode.swift; path = RomanToInteger.swift; sourceTree = "<group>"; };
		070003CA20A13CF100F3EFD1 /* LongestCommonPrefix.swift */ = {isa = PBXFileReference; lastKnownFileType = sourcecode.swift; path = LongestCommonPrefix.swift; sourceTree = "<group>"; };
		070003CC20A14DE700F3EFD1 /* ValidParentheses.swift */ = {isa = PBXFileReference; lastKnownFileType = sourcecode.swift; path = ValidParentheses.swift; sourceTree = "<group>"; };
		070003CE20A177D400F3EFD1 /* MergeTwoSortedLists.swift */ = {isa = PBXFileReference; lastKnownFileType = sourcecode.swift; path = MergeTwoSortedLists.swift; sourceTree = "<group>"; };
		070003D020A2B9F900F3EFD1 /* RemoveDuplicatesFromSortedArray.swift */ = {isa = PBXFileReference; lastKnownFileType = sourcecode.swift; path = RemoveDuplicatesFromSortedArray.swift; sourceTree = "<group>"; };
		070003D220A2BEDD00F3EFD1 /* RemoveElement.swift */ = {isa = PBXFileReference; lastKnownFileType = sourcecode.swift; path = RemoveElement.swift; sourceTree = "<group>"; };
		070003D420A2C0B800F3EFD1 /* ImplementStr.swift */ = {isa = PBXFileReference; lastKnownFileType = sourcecode.swift; path = ImplementStr.swift; sourceTree = "<group>"; };
		070003D620A2C5F300F3EFD1 /* SearchInsertPosition.swift */ = {isa = PBXFileReference; lastKnownFileType = sourcecode.swift; path = SearchInsertPosition.swift; sourceTree = "<group>"; };
		070003D920A2CA1500F3EFD1 /* CountAndSay.swift */ = {isa = PBXFileReference; lastKnownFileType = sourcecode.swift; path = CountAndSay.swift; sourceTree = "<group>"; };
		070003DB20A2D4D800F3EFD1 /* MaximumSubarray.swift */ = {isa = PBXFileReference; lastKnownFileType = sourcecode.swift; path = MaximumSubarray.swift; sourceTree = "<group>"; };
		070003DD20A2D97300F3EFD1 /* LengthOfLastWord.swift */ = {isa = PBXFileReference; lastKnownFileType = sourcecode.swift; path = LengthOfLastWord.swift; sourceTree = "<group>"; };
		070003E120A2DBE000F3EFD1 /* PlusOne.swift */ = {isa = PBXFileReference; lastKnownFileType = sourcecode.swift; path = PlusOne.swift; sourceTree = "<group>"; };
		070003E320A2DEF500F3EFD1 /* AddBinary.swift */ = {isa = PBXFileReference; lastKnownFileType = sourcecode.swift; path = AddBinary.swift; sourceTree = "<group>"; };
		070003E520A2E77600F3EFD1 /* SqrtX.swift */ = {isa = PBXFileReference; lastKnownFileType = sourcecode.swift; path = SqrtX.swift; sourceTree = "<group>"; };
		070003E720A2EDA300F3EFD1 /* ClimbingStairs.swift */ = {isa = PBXFileReference; lastKnownFileType = sourcecode.swift; path = ClimbingStairs.swift; sourceTree = "<group>"; };
		070003E920A3B5A300F3EFD1 /* RemoveDuplicatesFromSortedList.swift */ = {isa = PBXFileReference; lastKnownFileType = sourcecode.swift; path = RemoveDuplicatesFromSortedList.swift; sourceTree = "<group>"; };
		070003EB20A3B9B200F3EFD1 /* MergeSortedArray.swift */ = {isa = PBXFileReference; lastKnownFileType = sourcecode.swift; path = MergeSortedArray.swift; sourceTree = "<group>"; };
		070003ED20A3BDC600F3EFD1 /* SameTree.swift */ = {isa = PBXFileReference; lastKnownFileType = sourcecode.swift; path = SameTree.swift; sourceTree = "<group>"; };
		070003EF20A3BF3D00F3EFD1 /* SymmetricTree.swift */ = {isa = PBXFileReference; lastKnownFileType = sourcecode.swift; path = SymmetricTree.swift; sourceTree = "<group>"; };
		070003F120A3C3D800F3EFD1 /* MaximumDepthOfBinaryTree.swift */ = {isa = PBXFileReference; lastKnownFileType = sourcecode.swift; path = MaximumDepthOfBinaryTree.swift; sourceTree = "<group>"; };
		070003F320A3C4D900F3EFD1 /* SingleNumber.swift */ = {isa = PBXFileReference; lastKnownFileType = sourcecode.swift; path = SingleNumber.swift; sourceTree = "<group>"; };
		0703B43220A439CC0054627C /* BinaryTreeLevelOrderTraversalII.swift */ = {isa = PBXFileReference; lastKnownFileType = sourcecode.swift; path = BinaryTreeLevelOrderTraversalII.swift; sourceTree = "<group>"; };
		0703B43420A449460054627C /* PathSum.swift */ = {isa = PBXFileReference; lastKnownFileType = sourcecode.swift; path = PathSum.swift; sourceTree = "<group>"; };
		0703B43620A44B660054627C /* ConvertSortedArraytoBinarySearchTree.swift */ = {isa = PBXFileReference; lastKnownFileType = sourcecode.swift; path = ConvertSortedArraytoBinarySearchTree.swift; sourceTree = "<group>"; };
/* End PBXFileReference section */

/* Begin PBXFrameworksBuildPhase section */
		0700039420A0358000F3EFD1 /* Frameworks */ = {
			isa = PBXFrameworksBuildPhase;
			buildActionMask = 2147483647;
			files = (
			);
			runOnlyForDeploymentPostprocessing = 0;
		};
		070003AD20A035B100F3EFD1 /* Frameworks */ = {
			isa = PBXFrameworksBuildPhase;
			buildActionMask = 2147483647;
			files = (
			);
			runOnlyForDeploymentPostprocessing = 0;
		};
/* End PBXFrameworksBuildPhase section */

/* Begin PBXGroup section */
		0700038E20A0358000F3EFD1 = {
			isa = PBXGroup;
			children = (
				0700039920A0358000F3EFD1 /* t_code */,
				070003B120A035B100F3EFD1 /* t_code_tests */,
				0700039820A0358000F3EFD1 /* Products */,
			);
			sourceTree = "<group>";
		};
		0700039820A0358000F3EFD1 /* Products */ = {
			isa = PBXGroup;
			children = (
				0700039720A0358000F3EFD1 /* t_code.app */,
				070003B020A035B100F3EFD1 /* t_code_tests.xctest */,
			);
			name = Products;
			sourceTree = "<group>";
		};
		0700039920A0358000F3EFD1 /* t_code */ = {
			isa = PBXGroup;
			children = (
				070003BA20A035F900F3EFD1 /* Source */,
				0700039A20A0358000F3EFD1 /* AppDelegate.swift */,
				0700039C20A0358000F3EFD1 /* ViewController.swift */,
				0700039E20A0358000F3EFD1 /* Main.storyboard */,
				070003A120A0358500F3EFD1 /* Assets.xcassets */,
				070003A320A0358500F3EFD1 /* LaunchScreen.storyboard */,
				070003A620A0358500F3EFD1 /* Info.plist */,
			);
			path = t_code;
			sourceTree = "<group>";
		};
		070003B120A035B100F3EFD1 /* t_code_tests */ = {
			isa = PBXGroup;
			children = (
				070003B220A035B100F3EFD1 /* t_code_tests.swift */,
				070003BD20A03F3000F3EFD1 /* TCodeTests.swift */,
				070003B420A035B100F3EFD1 /* Info.plist */,
			);
			path = t_code_tests;
			sourceTree = "<group>";
		};
		070003BA20A035F900F3EFD1 /* Source */ = {
			isa = PBXGroup;
			children = (
				070003C120A0420500F3EFD1 /* Easy */,
			);
			path = Source;
			sourceTree = "<group>";
		};
		070003C120A0420500F3EFD1 /* Easy */ = {
			isa = PBXGroup;
			children = (
				070003C220A0420500F3EFD1 /* TwoSum.swift */,
				070003C320A0420500F3EFD1 /* ReverseInteger.swift */,
				070003C620A0492600F3EFD1 /* PalindromeNumber.swift */,
				070003C820A04BF700F3EFD1 /* RomanToInteger.swift */,
				070003CA20A13CF100F3EFD1 /* LongestCommonPrefix.swift */,
				070003CC20A14DE700F3EFD1 /* ValidParentheses.swift */,
				070003CE20A177D400F3EFD1 /* MergeTwoSortedLists.swift */,
				070003D020A2B9F900F3EFD1 /* RemoveDuplicatesFromSortedArray.swift */,
				070003D220A2BEDD00F3EFD1 /* RemoveElement.swift */,
				070003D420A2C0B800F3EFD1 /* ImplementStr.swift */,
				070003D620A2C5F300F3EFD1 /* SearchInsertPosition.swift */,
				070003D920A2CA1500F3EFD1 /* CountAndSay.swift */,
				070003DB20A2D4D800F3EFD1 /* MaximumSubarray.swift */,
				070003DD20A2D97300F3EFD1 /* LengthOfLastWord.swift */,
				070003E120A2DBE000F3EFD1 /* PlusOne.swift */,
				070003E320A2DEF500F3EFD1 /* AddBinary.swift */,
				070003E520A2E77600F3EFD1 /* SqrtX.swift */,
				070003E720A2EDA300F3EFD1 /* ClimbingStairs.swift */,
				070003E920A3B5A300F3EFD1 /* RemoveDuplicatesFromSortedList.swift */,
				070003EB20A3B9B200F3EFD1 /* MergeSortedArray.swift */,
				070003ED20A3BDC600F3EFD1 /* SameTree.swift */,
				070003EF20A3BF3D00F3EFD1 /* SymmetricTree.swift */,
				070003F120A3C3D800F3EFD1 /* MaximumDepthOfBinaryTree.swift */,
				070003F320A3C4D900F3EFD1 /* SingleNumber.swift */,
				0703B43220A439CC0054627C /* BinaryTreeLevelOrderTraversalII.swift */,
				0703B43420A449460054627C /* PathSum.swift */,
				0703B43620A44B660054627C /* ConvertSortedArraytoBinarySearchTree.swift */,
			);
			path = Easy;
			sourceTree = "<group>";
		};
/* End PBXGroup section */

/* Begin PBXNativeTarget section */
		0700039620A0358000F3EFD1 /* t_code */ = {
			isa = PBXNativeTarget;
			buildConfigurationList = 070003A920A0358500F3EFD1 /* Build configuration list for PBXNativeTarget "t_code" */;
			buildPhases = (
				0700039320A0358000F3EFD1 /* Sources */,
				0700039420A0358000F3EFD1 /* Frameworks */,
				0700039520A0358000F3EFD1 /* Resources */,
			);
			buildRules = (
			);
			dependencies = (
			);
			name = t_code;
			productName = t_code;
			productReference = 0700039720A0358000F3EFD1 /* t_code.app */;
			productType = "com.apple.product-type.application";
		};
		070003AF20A035B100F3EFD1 /* t_code_tests */ = {
			isa = PBXNativeTarget;
			buildConfigurationList = 070003B720A035B100F3EFD1 /* Build configuration list for PBXNativeTarget "t_code_tests" */;
			buildPhases = (
				070003AC20A035B100F3EFD1 /* Sources */,
				070003AD20A035B100F3EFD1 /* Frameworks */,
				070003AE20A035B100F3EFD1 /* Resources */,
			);
			buildRules = (
			);
			dependencies = (
				070003B620A035B100F3EFD1 /* PBXTargetDependency */,
			);
			name = t_code_tests;
			productName = t_code_tests;
			productReference = 070003B020A035B100F3EFD1 /* t_code_tests.xctest */;
			productType = "com.apple.product-type.bundle.unit-test";
		};
/* End PBXNativeTarget section */

/* Begin PBXProject section */
		0700038F20A0358000F3EFD1 /* Project object */ = {
			isa = PBXProject;
			attributes = {
				LastSwiftUpdateCheck = 0930;
				LastUpgradeCheck = 0930;
				ORGANIZATIONNAME = LuckyTR;
				TargetAttributes = {
					0700039620A0358000F3EFD1 = {
						CreatedOnToolsVersion = 9.3;
					};
					070003AF20A035B100F3EFD1 = {
						CreatedOnToolsVersion = 9.3;
						TestTargetID = 0700039620A0358000F3EFD1;
					};
				};
			};
			buildConfigurationList = 0700039220A0358000F3EFD1 /* Build configuration list for PBXProject "t_code" */;
			compatibilityVersion = "Xcode 9.3";
			developmentRegion = en;
			hasScannedForEncodings = 0;
			knownRegions = (
				en,
				Base,
			);
			mainGroup = 0700038E20A0358000F3EFD1;
			productRefGroup = 0700039820A0358000F3EFD1 /* Products */;
			projectDirPath = "";
			projectRoot = "";
			targets = (
				0700039620A0358000F3EFD1 /* t_code */,
				070003AF20A035B100F3EFD1 /* t_code_tests */,
			);
		};
/* End PBXProject section */

/* Begin PBXResourcesBuildPhase section */
		0700039520A0358000F3EFD1 /* Resources */ = {
			isa = PBXResourcesBuildPhase;
			buildActionMask = 2147483647;
			files = (
				070003A520A0358500F3EFD1 /* LaunchScreen.storyboard in Resources */,
				070003A220A0358500F3EFD1 /* Assets.xcassets in Resources */,
				070003A020A0358000F3EFD1 /* Main.storyboard in Resources */,
			);
			runOnlyForDeploymentPostprocessing = 0;
		};
		070003AE20A035B100F3EFD1 /* Resources */ = {
			isa = PBXResourcesBuildPhase;
			buildActionMask = 2147483647;
			files = (
			);
			runOnlyForDeploymentPostprocessing = 0;
		};
/* End PBXResourcesBuildPhase section */

/* Begin PBXSourcesBuildPhase section */
		0700039320A0358000F3EFD1 /* Sources */ = {
			isa = PBXSourcesBuildPhase;
			buildActionMask = 2147483647;
			files = (
				070003E620A2E77600F3EFD1 /* SqrtX.swift in Sources */,
				070003EC20A3B9B200F3EFD1 /* MergeSortedArray.swift in Sources */,
				0703B43320A439CC0054627C /* BinaryTreeLevelOrderTraversalII.swift in Sources */,
				0700039D20A0358000F3EFD1 /* ViewController.swift in Sources */,
				070003F020A3BF3D00F3EFD1 /* SymmetricTree.swift in Sources */,
				070003E820A2EDA300F3EFD1 /* ClimbingStairs.swift in Sources */,
				070003C920A04BF700F3EFD1 /* RomanToInteger.swift in Sources */,
				070003D320A2BEDD00F3EFD1 /* RemoveElement.swift in Sources */,
				070003C520A0420500F3EFD1 /* ReverseInteger.swift in Sources */,
				070003E420A2DEF500F3EFD1 /* AddBinary.swift in Sources */,
				0703B43720A44B660054627C /* ConvertSortedArraytoBinarySearchTree.swift in Sources */,
				070003EE20A3BDC600F3EFD1 /* SameTree.swift in Sources */,
				070003CD20A14DE700F3EFD1 /* ValidParentheses.swift in Sources */,
				070003D520A2C0B800F3EFD1 /* ImplementStr.swift in Sources */,
				070003CF20A177D400F3EFD1 /* MergeTwoSortedLists.swift in Sources */,
				070003CB20A13CF100F3EFD1 /* LongestCommonPrefix.swift in Sources */,
				070003D720A2C5F300F3EFD1 /* SearchInsertPosition.swift in Sources */,
				070003DA20A2CA1500F3EFD1 /* CountAndSay.swift in Sources */,
				070003EA20A3B5A300F3EFD1 /* RemoveDuplicatesFromSortedList.swift in Sources */,
				0700039B20A0358000F3EFD1 /* AppDelegate.swift in Sources */,
				070003F420A3C4D900F3EFD1 /* SingleNumber.swift in Sources */,
				070003E220A2DBE000F3EFD1 /* PlusOne.swift in Sources */,
				070003DE20A2D97300F3EFD1 /* LengthOfLastWord.swift in Sources */,
				0703B43520A449460054627C /* PathSum.swift in Sources */,
				070003C420A0420500F3EFD1 /* TwoSum.swift in Sources */,
				070003D120A2B9FA00F3EFD1 /* RemoveDuplicatesFromSortedArray.swift in Sources */,
				070003C720A0492600F3EFD1 /* PalindromeNumber.swift in Sources */,
				070003F220A3C3D800F3EFD1 /* MaximumDepthOfBinaryTree.swift in Sources */,
				070003DC20A2D4D800F3EFD1 /* MaximumSubarray.swift in Sources */,
			);
			runOnlyForDeploymentPostprocessing = 0;
		};
		070003AC20A035B100F3EFD1 /* Sources */ = {
			isa = PBXSourcesBuildPhase;
			buildActionMask = 2147483647;
			files = (
				070003BE20A03F3000F3EFD1 /* TCodeTests.swift in Sources */,
				070003B320A035B100F3EFD1 /* t_code_tests.swift in Sources */,
			);
			runOnlyForDeploymentPostprocessing = 0;
		};
/* End PBXSourcesBuildPhase section */

/* Begin PBXTargetDependency section */
		070003B620A035B100F3EFD1 /* PBXTargetDependency */ = {
			isa = PBXTargetDependency;
			target = 0700039620A0358000F3EFD1 /* t_code */;
			targetProxy = 070003B520A035B100F3EFD1 /* PBXContainerItemProxy */;
		};
/* End PBXTargetDependency section */

/* Begin PBXVariantGroup section */
		0700039E20A0358000F3EFD1 /* Main.storyboard */ = {
			isa = PBXVariantGroup;
			children = (
				0700039F20A0358000F3EFD1 /* Base */,
			);
			name = Main.storyboard;
			sourceTree = "<group>";
		};
		070003A320A0358500F3EFD1 /* LaunchScreen.storyboard */ = {
			isa = PBXVariantGroup;
			children = (
				070003A420A0358500F3EFD1 /* Base */,
			);
			name = LaunchScreen.storyboard;
			sourceTree = "<group>";
		};
/* End PBXVariantGroup section */

/* Begin XCBuildConfiguration section */
		070003A720A0358500F3EFD1 /* Debug */ = {
			isa = XCBuildConfiguration;
			buildSettings = {
				ALWAYS_SEARCH_USER_PATHS = NO;
				CLANG_ANALYZER_NONNULL = YES;
				CLANG_ANALYZER_NUMBER_OBJECT_CONVERSION = YES_AGGRESSIVE;
				CLANG_CXX_LANGUAGE_STANDARD = "gnu++14";
				CLANG_CXX_LIBRARY = "libc++";
				CLANG_ENABLE_MODULES = YES;
				CLANG_ENABLE_OBJC_ARC = YES;
				CLANG_ENABLE_OBJC_WEAK = YES;
				CLANG_WARN_BLOCK_CAPTURE_AUTORELEASING = YES;
				CLANG_WARN_BOOL_CONVERSION = YES;
				CLANG_WARN_COMMA = YES;
				CLANG_WARN_CONSTANT_CONVERSION = YES;
				CLANG_WARN_DEPRECATED_OBJC_IMPLEMENTATIONS = YES;
				CLANG_WARN_DIRECT_OBJC_ISA_USAGE = YES_ERROR;
				CLANG_WARN_DOCUMENTATION_COMMENTS = YES;
				CLANG_WARN_EMPTY_BODY = YES;
				CLANG_WARN_ENUM_CONVERSION = YES;
				CLANG_WARN_INFINITE_RECURSION = YES;
				CLANG_WARN_INT_CONVERSION = YES;
				CLANG_WARN_NON_LITERAL_NULL_CONVERSION = YES;
				CLANG_WARN_OBJC_IMPLICIT_RETAIN_SELF = YES;
				CLANG_WARN_OBJC_LITERAL_CONVERSION = YES;
				CLANG_WARN_OBJC_ROOT_CLASS = YES_ERROR;
				CLANG_WARN_RANGE_LOOP_ANALYSIS = YES;
				CLANG_WARN_STRICT_PROTOTYPES = YES;
				CLANG_WARN_SUSPICIOUS_MOVE = YES;
				CLANG_WARN_UNGUARDED_AVAILABILITY = YES_AGGRESSIVE;
				CLANG_WARN_UNREACHABLE_CODE = YES;
				CLANG_WARN__DUPLICATE_METHOD_MATCH = YES;
				CODE_SIGN_IDENTITY = "iPhone Developer";
				COPY_PHASE_STRIP = NO;
				DEBUG_INFORMATION_FORMAT = dwarf;
				ENABLE_STRICT_OBJC_MSGSEND = YES;
				ENABLE_TESTABILITY = YES;
				GCC_C_LANGUAGE_STANDARD = gnu11;
				GCC_DYNAMIC_NO_PIC = NO;
				GCC_NO_COMMON_BLOCKS = YES;
				GCC_OPTIMIZATION_LEVEL = 0;
				GCC_PREPROCESSOR_DEFINITIONS = (
					"DEBUG=1",
					"$(inherited)",
				);
				GCC_WARN_64_TO_32_BIT_CONVERSION = YES;
				GCC_WARN_ABOUT_RETURN_TYPE = YES_ERROR;
				GCC_WARN_UNDECLARED_SELECTOR = YES;
				GCC_WARN_UNINITIALIZED_AUTOS = YES_AGGRESSIVE;
				GCC_WARN_UNUSED_FUNCTION = YES;
				GCC_WARN_UNUSED_VARIABLE = YES;
				IPHONEOS_DEPLOYMENT_TARGET = 11.3;
				MTL_ENABLE_DEBUG_INFO = YES;
				ONLY_ACTIVE_ARCH = YES;
				SDKROOT = iphoneos;
				SWIFT_ACTIVE_COMPILATION_CONDITIONS = DEBUG;
				SWIFT_OPTIMIZATION_LEVEL = "-Onone";
			};
			name = Debug;
		};
		070003A820A0358500F3EFD1 /* Release */ = {
			isa = XCBuildConfiguration;
			buildSettings = {
				ALWAYS_SEARCH_USER_PATHS = NO;
				CLANG_ANALYZER_NONNULL = YES;
				CLANG_ANALYZER_NUMBER_OBJECT_CONVERSION = YES_AGGRESSIVE;
				CLANG_CXX_LANGUAGE_STANDARD = "gnu++14";
				CLANG_CXX_LIBRARY = "libc++";
				CLANG_ENABLE_MODULES = YES;
				CLANG_ENABLE_OBJC_ARC = YES;
				CLANG_ENABLE_OBJC_WEAK = YES;
				CLANG_WARN_BLOCK_CAPTURE_AUTORELEASING = YES;
				CLANG_WARN_BOOL_CONVERSION = YES;
				CLANG_WARN_COMMA = YES;
				CLANG_WARN_CONSTANT_CONVERSION = YES;
				CLANG_WARN_DEPRECATED_OBJC_IMPLEMENTATIONS = YES;
				CLANG_WARN_DIRECT_OBJC_ISA_USAGE = YES_ERROR;
				CLANG_WARN_DOCUMENTATION_COMMENTS = YES;
				CLANG_WARN_EMPTY_BODY = YES;
				CLANG_WARN_ENUM_CONVERSION = YES;
				CLANG_WARN_INFINITE_RECURSION = YES;
				CLANG_WARN_INT_CONVERSION = YES;
				CLANG_WARN_NON_LITERAL_NULL_CONVERSION = YES;
				CLANG_WARN_OBJC_IMPLICIT_RETAIN_SELF = YES;
				CLANG_WARN_OBJC_LITERAL_CONVERSION = YES;
				CLANG_WARN_OBJC_ROOT_CLASS = YES_ERROR;
				CLANG_WARN_RANGE_LOOP_ANALYSIS = YES;
				CLANG_WARN_STRICT_PROTOTYPES = YES;
				CLANG_WARN_SUSPICIOUS_MOVE = YES;
				CLANG_WARN_UNGUARDED_AVAILABILITY = YES_AGGRESSIVE;
				CLANG_WARN_UNREACHABLE_CODE = YES;
				CLANG_WARN__DUPLICATE_METHOD_MATCH = YES;
				CODE_SIGN_IDENTITY = "iPhone Developer";
				COPY_PHASE_STRIP = NO;
				DEBUG_INFORMATION_FORMAT = "dwarf-with-dsym";
				ENABLE_NS_ASSERTIONS = NO;
				ENABLE_STRICT_OBJC_MSGSEND = YES;
				GCC_C_LANGUAGE_STANDARD = gnu11;
				GCC_NO_COMMON_BLOCKS = YES;
				GCC_WARN_64_TO_32_BIT_CONVERSION = YES;
				GCC_WARN_ABOUT_RETURN_TYPE = YES_ERROR;
				GCC_WARN_UNDECLARED_SELECTOR = YES;
				GCC_WARN_UNINITIALIZED_AUTOS = YES_AGGRESSIVE;
				GCC_WARN_UNUSED_FUNCTION = YES;
				GCC_WARN_UNUSED_VARIABLE = YES;
				IPHONEOS_DEPLOYMENT_TARGET = 11.3;
				MTL_ENABLE_DEBUG_INFO = NO;
				SDKROOT = iphoneos;
				SWIFT_COMPILATION_MODE = wholemodule;
				SWIFT_OPTIMIZATION_LEVEL = "-O";
				VALIDATE_PRODUCT = YES;
			};
			name = Release;
		};
		070003AA20A0358500F3EFD1 /* Debug */ = {
			isa = XCBuildConfiguration;
			buildSettings = {
				ASSETCATALOG_COMPILER_APPICON_NAME = AppIcon;
				CODE_SIGN_STYLE = Automatic;
				DEVELOPMENT_TEAM = ENF6RU9UQS;
				INFOPLIST_FILE = t_code/Info.plist;
				LD_RUNPATH_SEARCH_PATHS = (
					"$(inherited)",
					"@executable_path/Frameworks",
				);
				PRODUCT_BUNDLE_IDENTIFIER = "com.luckytr.t-code";
				PRODUCT_NAME = "$(TARGET_NAME)";
				SWIFT_VERSION = 4.0;
				TARGETED_DEVICE_FAMILY = "1,2";
			};
			name = Debug;
		};
		070003AB20A0358500F3EFD1 /* Release */ = {
			isa = XCBuildConfiguration;
			buildSettings = {
				ASSETCATALOG_COMPILER_APPICON_NAME = AppIcon;
				CODE_SIGN_STYLE = Automatic;
				DEVELOPMENT_TEAM = ENF6RU9UQS;
				INFOPLIST_FILE = t_code/Info.plist;
				LD_RUNPATH_SEARCH_PATHS = (
					"$(inherited)",
					"@executable_path/Frameworks",
				);
				PRODUCT_BUNDLE_IDENTIFIER = "com.luckytr.t-code";
				PRODUCT_NAME = "$(TARGET_NAME)";
				SWIFT_VERSION = 4.0;
				TARGETED_DEVICE_FAMILY = "1,2";
			};
			name = Release;
		};
		070003B820A035B100F3EFD1 /* Debug */ = {
			isa = XCBuildConfiguration;
			buildSettings = {
				BUNDLE_LOADER = "$(TEST_HOST)";
				CODE_SIGN_STYLE = Automatic;
				DEVELOPMENT_TEAM = ENF6RU9UQS;
				INFOPLIST_FILE = t_code_tests/Info.plist;
				LD_RUNPATH_SEARCH_PATHS = (
					"$(inherited)",
					"@executable_path/Frameworks",
					"@loader_path/Frameworks",
				);
				PRODUCT_BUNDLE_IDENTIFIER = "com.luckytr.t-code-tests";
				PRODUCT_NAME = "$(TARGET_NAME)";
				SWIFT_VERSION = 4.0;
				TARGETED_DEVICE_FAMILY = "1,2";
				TEST_HOST = "$(BUILT_PRODUCTS_DIR)/t_code.app/t_code";
			};
			name = Debug;
		};
		070003B920A035B100F3EFD1 /* Release */ = {
			isa = XCBuildConfiguration;
			buildSettings = {
				BUNDLE_LOADER = "$(TEST_HOST)";
				CODE_SIGN_STYLE = Automatic;
				DEVELOPMENT_TEAM = ENF6RU9UQS;
				INFOPLIST_FILE = t_code_tests/Info.plist;
				LD_RUNPATH_SEARCH_PATHS = (
					"$(inherited)",
					"@executable_path/Frameworks",
					"@loader_path/Frameworks",
				);
				PRODUCT_BUNDLE_IDENTIFIER = "com.luckytr.t-code-tests";
				PRODUCT_NAME = "$(TARGET_NAME)";
				SWIFT_VERSION = 4.0;
				TARGETED_DEVICE_FAMILY = "1,2";
				TEST_HOST = "$(BUILT_PRODUCTS_DIR)/t_code.app/t_code";
			};
			name = Release;
		};
/* End XCBuildConfiguration section */

/* Begin XCConfigurationList section */
		0700039220A0358000F3EFD1 /* Build configuration list for PBXProject "t_code" */ = {
			isa = XCConfigurationList;
			buildConfigurations = (
				070003A720A0358500F3EFD1 /* Debug */,
				070003A820A0358500F3EFD1 /* Release */,
			);
			defaultConfigurationIsVisible = 0;
			defaultConfigurationName = Release;
		};
		070003A920A0358500F3EFD1 /* Build configuration list for PBXNativeTarget "t_code" */ = {
			isa = XCConfigurationList;
			buildConfigurations = (
				070003AA20A0358500F3EFD1 /* Debug */,
				070003AB20A0358500F3EFD1 /* Release */,
			);
			defaultConfigurationIsVisible = 0;
			defaultConfigurationName = Release;
		};
		070003B720A035B100F3EFD1 /* Build configuration list for PBXNativeTarget "t_code_tests" */ = {
			isa = XCConfigurationList;
			buildConfigurations = (
				070003B820A035B100F3EFD1 /* Debug */,
				070003B920A035B100F3EFD1 /* Release */,
			);
			defaultConfigurationIsVisible = 0;
			defaultConfigurationName = Release;
		};
/* End XCConfigurationList section */
	};
	rootObject = 0700038F20A0358000F3EFD1 /* Project object */;
}
